// !$*UTF8*$!
{
	archiveVersion = 1;
	classes = {
	};
	objectVersion = 56;
	objects = {

/* Begin PBXBuildFile section */
		95DE9B572C4DDFA500FD1F29 /* UserProfileCustomApp.swift in Sources */ = {isa = PBXBuildFile; fileRef = 95DE9B562C4DDFA500FD1F29 /* UserProfileCustomApp.swift */; };
		95DE9B592C4DDFA500FD1F29 /* ContentView.swift in Sources */ = {isa = PBXBuildFile; fileRef = 95DE9B582C4DDFA500FD1F29 /* ContentView.swift */; };
		95DE9B5B2C4DDFAA00FD1F29 /* Assets.xcassets in Resources */ = {isa = PBXBuildFile; fileRef = 95DE9B5A2C4DDFAA00FD1F29 /* Assets.xcassets */; };
		95DE9B5E2C4DDFAA00FD1F29 /* Preview Assets.xcassets in Resources */ = {isa = PBXBuildFile; fileRef = 95DE9B5D2C4DDFAA00FD1F29 /* Preview Assets.xcassets */; };
		95DE9B682C4DDFAB00FD1F29 /* UserProfileCustomTests.swift in Sources */ = {isa = PBXBuildFile; fileRef = 95DE9B672C4DDFAB00FD1F29 /* UserProfileCustomTests.swift */; };
		95DE9B722C4DDFAB00FD1F29 /* UserProfileCustomUITests.swift in Sources */ = {isa = PBXBuildFile; fileRef = 95DE9B712C4DDFAB00FD1F29 /* UserProfileCustomUITests.swift */; };
		95DE9B742C4DDFAB00FD1F29 /* UserProfileCustomUITestsLaunchTests.swift in Sources */ = {isa = PBXBuildFile; fileRef = 95DE9B732C4DDFAB00FD1F29 /* UserProfileCustomUITestsLaunchTests.swift */; };
		95DE9B812C4E1C8E00FD1F29 /* CounterViewController.swift in Sources */ = {isa = PBXBuildFile; fileRef = 95DE9B802C4E1C8E00FD1F29 /* CounterViewController.swift */; };
/* End PBXBuildFile section */

/* Begin PBXContainerItemProxy section */
		95DE9B642C4DDFAB00FD1F29 /* PBXContainerItemProxy */ = {
			isa = PBXContainerItemProxy;
			containerPortal = 95DE9B4B2C4DDFA500FD1F29 /* Project object */;
			proxyType = 1;
			remoteGlobalIDString = 95DE9B522C4DDFA500FD1F29;
			remoteInfo = UserProfileCustom;
		};
		95DE9B6E2C4DDFAB00FD1F29 /* PBXContainerItemProxy */ = {
			isa = PBXContainerItemProxy;
			containerPortal = 95DE9B4B2C4DDFA500FD1F29 /* Project object */;
			proxyType = 1;
			remoteGlobalIDString = 95DE9B522C4DDFA500FD1F29;
			remoteInfo = UserProfileCustom;
		};
/* End PBXContainerItemProxy section */

/* Begin PBXFileReference section */
		95DE9B532C4DDFA500FD1F29 /* UserProfileCustom.app */ = {isa = PBXFileReference; explicitFileType = wrapper.application; includeInIndex = 0; path = UserProfileCustom.app; sourceTree = BUILT_PRODUCTS_DIR; };
		95DE9B562C4DDFA500FD1F29 /* UserProfileCustomApp.swift */ = {isa = PBXFileReference; lastKnownFileType = sourcecode.swift; path = UserProfileCustomApp.swift; sourceTree = "<group>"; };
		95DE9B582C4DDFA500FD1F29 /* ContentView.swift */ = {isa = PBXFileReference; lastKnownFileType = sourcecode.swift; path = ContentView.swift; sourceTree = "<group>"; };
		95DE9B5A2C4DDFAA00FD1F29 /* Assets.xcassets */ = {isa = PBXFileReference; lastKnownFileType = folder.assetcatalog; path = Assets.xcassets; sourceTree = "<group>"; };
		95DE9B5D2C4DDFAA00FD1F29 /* Preview Assets.xcassets */ = {isa = PBXFileReference; lastKnownFileType = folder.assetcatalog; path = "Preview Assets.xcassets"; sourceTree = "<group>"; };
		95DE9B632C4DDFAB00FD1F29 /* UserProfileCustomTests.xctest */ = {isa = PBXFileReference; explicitFileType = wrapper.cfbundle; includeInIndex = 0; path = UserProfileCustomTests.xctest; sourceTree = BUILT_PRODUCTS_DIR; };
		95DE9B672C4DDFAB00FD1F29 /* UserProfileCustomTests.swift */ = {isa = PBXFileReference; lastKnownFileType = sourcecode.swift; path = UserProfileCustomTests.swift; sourceTree = "<group>"; };
		95DE9B6D2C4DDFAB00FD1F29 /* UserProfileCustomUITests.xctest */ = {isa = PBXFileReference; explicitFileType = wrapper.cfbundle; includeInIndex = 0; path = UserProfileCustomUITests.xctest; sourceTree = BUILT_PRODUCTS_DIR; };
		95DE9B712C4DDFAB00FD1F29 /* UserProfileCustomUITests.swift */ = {isa = PBXFileReference; lastKnownFileType = sourcecode.swift; path = UserProfileCustomUITests.swift; sourceTree = "<group>"; };
		95DE9B732C4DDFAB00FD1F29 /* UserProfileCustomUITestsLaunchTests.swift */ = {isa = PBXFileReference; lastKnownFileType = sourcecode.swift; path = UserProfileCustomUITestsLaunchTests.swift; sourceTree = "<group>"; };
		95DE9B802C4E1C8E00FD1F29 /* CounterViewController.swift */ = {isa = PBXFileReference; lastKnownFileType = sourcecode.swift; path = CounterViewController.swift; sourceTree = "<group>"; };
/* End PBXFileReference section */

/* Begin PBXFrameworksBuildPhase section */
		95DE9B502C4DDFA500FD1F29 /* Frameworks */ = {
			isa = PBXFrameworksBuildPhase;
			buildActionMask = 2147483647;
			files = (
			);
			runOnlyForDeploymentPostprocessing = 0;
		};
		95DE9B602C4DDFAB00FD1F29 /* Frameworks */ = {
			isa = PBXFrameworksBuildPhase;
			buildActionMask = 2147483647;
			files = (
			);
			runOnlyForDeploymentPostprocessing = 0;
		};
		95DE9B6A2C4DDFAB00FD1F29 /* Frameworks */ = {
			isa = PBXFrameworksBuildPhase;
			buildActionMask = 2147483647;
			files = (
			);
			runOnlyForDeploymentPostprocessing = 0;
		};
/* End PBXFrameworksBuildPhase section */

/* Begin PBXGroup section */
		95DE9B4A2C4DDFA500FD1F29 = {
			isa = PBXGroup;
			children = (
				95DE9B552C4DDFA500FD1F29 /* UserProfileCustom */,
				95DE9B662C4DDFAB00FD1F29 /* UserProfileCustomTests */,
				95DE9B702C4DDFAB00FD1F29 /* UserProfileCustomUITests */,
				95DE9B542C4DDFA500FD1F29 /* Products */,
			);
			sourceTree = "<group>";
		};
		95DE9B542C4DDFA500FD1F29 /* Products */ = {
			isa = PBXGroup;
			children = (
				95DE9B532C4DDFA500FD1F29 /* UserProfileCustom.app */,
				95DE9B632C4DDFAB00FD1F29 /* UserProfileCustomTests.xctest */,
				95DE9B6D2C4DDFAB00FD1F29 /* UserProfileCustomUITests.xctest */,
			);
			name = Products;
			sourceTree = "<group>";
		};
		95DE9B552C4DDFA500FD1F29 /* UserProfileCustom */ = {
			isa = PBXGroup;
			children = (
				95DE9B562C4DDFA500FD1F29 /* UserProfileCustomApp.swift */,
				95DE9B802C4E1C8E00FD1F29 /* CounterViewController.swift */,
				95DE9B582C4DDFA500FD1F29 /* ContentView.swift */,
				95DE9B5A2C4DDFAA00FD1F29 /* Assets.xcassets */,
				95DE9B5C2C4DDFAA00FD1F29 /* Preview Content */,
			);
			path = UserProfileCustom;
			sourceTree = "<group>";
		};
		95DE9B5C2C4DDFAA00FD1F29 /* Preview Content */ = {
			isa = PBXGroup;
			children = (
				95DE9B5D2C4DDFAA00FD1F29 /* Preview Assets.xcassets */,
			);
			path = "Preview Content";
			sourceTree = "<group>";
		};
		95DE9B662C4DDFAB00FD1F29 /* UserProfileCustomTests */ = {
			isa = PBXGroup;
			children = (
				95DE9B672C4DDFAB00FD1F29 /* UserProfileCustomTests.swift */,
			);
			path = UserProfileCustomTests;
			sourceTree = "<group>";
		};
		95DE9B702C4DDFAB00FD1F29 /* UserProfileCustomUITests */ = {
			isa = PBXGroup;
			children = (
				95DE9B712C4DDFAB00FD1F29 /* UserProfileCustomUITests.swift */,
				95DE9B732C4DDFAB00FD1F29 /* UserProfileCustomUITestsLaunchTests.swift */,
			);
			path = UserProfileCustomUITests;
			sourceTree = "<group>";
		};
/* End PBXGroup section */

/* Begin PBXNativeTarget section */
		95DE9B522C4DDFA500FD1F29 /* UserProfileCustom */ = {
			isa = PBXNativeTarget;
			buildConfigurationList = 95DE9B772C4DDFAB00FD1F29 /* Build configuration list for PBXNativeTarget "UserProfileCustom" */;
			buildPhases = (
				95DE9B4F2C4DDFA500FD1F29 /* Sources */,
				95DE9B502C4DDFA500FD1F29 /* Frameworks */,
				95DE9B512C4DDFA500FD1F29 /* Resources */,
			);
			buildRules = (
			);
			dependencies = (
			);
			name = UserProfileCustom;
			productName = UserProfileCustom;
			productReference = 95DE9B532C4DDFA500FD1F29 /* UserProfileCustom.app */;
			productType = "com.apple.product-type.application";
		};
		95DE9B622C4DDFAB00FD1F29 /* UserProfileCustomTests */ = {
			isa = PBXNativeTarget;
			buildConfigurationList = 95DE9B7A2C4DDFAB00FD1F29 /* Build configuration list for PBXNativeTarget "UserProfileCustomTests" */;
			buildPhases = (
				95DE9B5F2C4DDFAB00FD1F29 /* Sources */,
				95DE9B602C4DDFAB00FD1F29 /* Frameworks */,
				95DE9B612C4DDFAB00FD1F29 /* Resources */,
			);
			buildRules = (
			);
			dependencies = (
				95DE9B652C4DDFAB00FD1F29 /* PBXTargetDependency */,
			);
			name = UserProfileCustomTests;
			productName = UserProfileCustomTests;
			productReference = 95DE9B632C4DDFAB00FD1F29 /* UserProfileCustomTests.xctest */;
			productType = "com.apple.product-type.bundle.unit-test";
		};
		95DE9B6C2C4DDFAB00FD1F29 /* UserProfileCustomUITests */ = {
			isa = PBXNativeTarget;
			buildConfigurationList = 95DE9B7D2C4DDFAB00FD1F29 /* Build configuration list for PBXNativeTarget "UserProfileCustomUITests" */;
			buildPhases = (
				95DE9B692C4DDFAB00FD1F29 /* Sources */,
				95DE9B6A2C4DDFAB00FD1F29 /* Frameworks */,
				95DE9B6B2C4DDFAB00FD1F29 /* Resources */,
			);
			buildRules = (
			);
			dependencies = (
				95DE9B6F2C4DDFAB00FD1F29 /* PBXTargetDependency */,
			);
			name = UserProfileCustomUITests;
			productName = UserProfileCustomUITests;
			productReference = 95DE9B6D2C4DDFAB00FD1F29 /* UserProfileCustomUITests.xctest */;
			productType = "com.apple.product-type.bundle.ui-testing";
		};
/* End PBXNativeTarget section */

/* Begin PBXProject section */
		95DE9B4B2C4DDFA500FD1F29 /* Project object */ = {
			isa = PBXProject;
			attributes = {
				BuildIndependentTargetsInParallel = 1;
				LastSwiftUpdateCheck = 1520;
				LastUpgradeCheck = 1520;
				TargetAttributes = {
					95DE9B522C4DDFA500FD1F29 = {
						CreatedOnToolsVersion = 15.2;
					};
					95DE9B622C4DDFAB00FD1F29 = {
						CreatedOnToolsVersion = 15.2;
						TestTargetID = 95DE9B522C4DDFA500FD1F29;
					};
					95DE9B6C2C4DDFAB00FD1F29 = {
						CreatedOnToolsVersion = 15.2;
						TestTargetID = 95DE9B522C4DDFA500FD1F29;
					};
				};
			};
			buildConfigurationList = 95DE9B4E2C4DDFA500FD1F29 /* Build configuration list for PBXProject "UserProfileCustom" */;
			compatibilityVersion = "Xcode 14.0";
			developmentRegion = en;
			hasScannedForEncodings = 0;
			knownRegions = (
				en,
				Base,
			);
			mainGroup = 95DE9B4A2C4DDFA500FD1F29;
			productRefGroup = 95DE9B542C4DDFA500FD1F29 /* Products */;
			projectDirPath = "";
			projectRoot = "";
			targets = (
				95DE9B522C4DDFA500FD1F29 /* UserProfileCustom */,
				95DE9B622C4DDFAB00FD1F29 /* UserProfileCustomTests */,
				95DE9B6C2C4DDFAB00FD1F29 /* UserProfileCustomUITests */,
			);
		};
/* End PBXProject section */

/* Begin PBXResourcesBuildPhase section */
		95DE9B512C4DDFA500FD1F29 /* Resources */ = {
			isa = PBXResourcesBuildPhase;
			buildActionMask = 2147483647;
			files = (
				95DE9B5E2C4DDFAA00FD1F29 /* Preview Assets.xcassets in Resources */,
				95DE9B5B2C4DDFAA00FD1F29 /* Assets.xcassets in Resources */,
			);
			runOnlyForDeploymentPostprocessing = 0;
		};
		95DE9B612C4DDFAB00FD1F29 /* Resources */ = {
			isa = PBXResourcesBuildPhase;
			buildActionMask = 2147483647;
			files = (
			);
			runOnlyForDeploymentPostprocessing = 0;
		};
		95DE9B6B2C4DDFAB00FD1F29 /* Resources */ = {
			isa = PBXResourcesBuildPhase;
			buildActionMask = 2147483647;
			files = (
			);
			runOnlyForDeploymentPostprocessing = 0;
		};
/* End PBXResourcesBuildPhase section */

/* Begin PBXSourcesBuildPhase section */
		95DE9B4F2C4DDFA500FD1F29 /* Sources */ = {
			isa = PBXSourcesBuildPhase;
			buildActionMask = 2147483647;
			files = (
				95DE9B812C4E1C8E00FD1F29 /* CounterViewController.swift in Sources */,
				95DE9B592C4DDFA500FD1F29 /* ContentView.swift in Sources */,
				95DE9B572C4DDFA500FD1F29 /* UserProfileCustomApp.swift in Sources */,
			);
			runOnlyForDeploymentPostprocessing = 0;
		};
		95DE9B5F2C4DDFAB00FD1F29 /* Sources */ = {
			isa = PBXSourcesBuildPhase;
			buildActionMask = 2147483647;
			files = (
				95DE9B682C4DDFAB00FD1F29 /* UserProfileCustomTests.swift in Sources */,
			);
			runOnlyForDeploymentPostprocessing = 0;
		};
		95DE9B692C4DDFAB00FD1F29 /* Sources */ = {
			isa = PBXSourcesBuildPhase;
			buildActionMask = 2147483647;
			files = (
				95DE9B742C4DDFAB00FD1F29 /* UserProfileCustomUITestsLaunchTests.swift in Sources */,
				95DE9B722C4DDFAB00FD1F29 /* UserProfileCustomUITests.swift in Sources */,
			);
			runOnlyForDeploymentPostprocessing = 0;
		};
/* End PBXSourcesBuildPhase section */

/* Begin PBXTargetDependency section */
		95DE9B652C4DDFAB00FD1F29 /* PBXTargetDependency */ = {
			isa = PBXTargetDependency;
			target = 95DE9B522C4DDFA500FD1F29 /* UserProfileCustom */;
			targetProxy = 95DE9B642C4DDFAB00FD1F29 /* PBXContainerItemProxy */;
		};
		95DE9B6F2C4DDFAB00FD1F29 /* PBXTargetDependency */ = {
			isa = PBXTargetDependency;
			target = 95DE9B522C4DDFA500FD1F29 /* UserProfileCustom */;
			targetProxy = 95DE9B6E2C4DDFAB00FD1F29 /* PBXContainerItemProxy */;
		};
/* End PBXTargetDependency section */

/* Begin XCBuildConfiguration section */
		95DE9B752C4DDFAB00FD1F29 /* Debug */ = {
			isa = XCBuildConfiguration;
			buildSettings = {
				ALWAYS_SEARCH_USER_PATHS = NO;
				ASSETCATALOG_COMPILER_GENERATE_SWIFT_ASSET_SYMBOL_EXTENSIONS = YES;
				CLANG_ANALYZER_NONNULL = YES;
				CLANG_ANALYZER_NUMBER_OBJECT_CONVERSION = YES_AGGRESSIVE;
				CLANG_CXX_LANGUAGE_STANDARD = "gnu++20";
				CLANG_ENABLE_MODULES = YES;
				CLANG_ENABLE_OBJC_ARC = YES;
				CLANG_ENABLE_OBJC_WEAK = YES;
				CLANG_WARN_BLOCK_CAPTURE_AUTORELEASING = YES;
				CLANG_WARN_BOOL_CONVERSION = YES;
				CLANG_WARN_COMMA = YES;
				CLANG_WARN_CONSTANT_CONVERSION = YES;
				CLANG_WARN_DEPRECATED_OBJC_IMPLEMENTATIONS = YES;
				CLANG_WARN_DIRECT_OBJC_ISA_USAGE = YES_ERROR;
				CLANG_WARN_DOCUMENTATION_COMMENTS = YES;
				CLANG_WARN_EMPTY_BODY = YES;
				CLANG_WARN_ENUM_CONVERSION = YES;
				CLANG_WARN_INFINITE_RECURSION = YES;
				CLANG_WARN_INT_CONVERSION = YES;
				CLANG_WARN_NON_LITERAL_NULL_CONVERSION = YES;
				CLANG_WARN_OBJC_IMPLICIT_RETAIN_SELF = YES;
				CLANG_WARN_OBJC_LITERAL_CONVERSION = YES;
				CLANG_WARN_OBJC_ROOT_CLASS = YES_ERROR;
				CLANG_WARN_QUOTED_INCLUDE_IN_FRAMEWORK_HEADER = YES;
				CLANG_WARN_RANGE_LOOP_ANALYSIS = YES;
				CLANG_WARN_STRICT_PROTOTYPES = YES;
				CLANG_WARN_SUSPICIOUS_MOVE = YES;
				CLANG_WARN_UNGUARDED_AVAILABILITY = YES_AGGRESSIVE;
				CLANG_WARN_UNREACHABLE_CODE = YES;
				CLANG_WARN__DUPLICATE_METHOD_MATCH = YES;
				COPY_PHASE_STRIP = NO;
				DEBUG_INFORMATION_FORMAT = dwarf;
				ENABLE_STRICT_OBJC_MSGSEND = YES;
				ENABLE_TESTABILITY = YES;
				ENABLE_USER_SCRIPT_SANDBOXING = YES;
				GCC_C_LANGUAGE_STANDARD = gnu17;
				GCC_DYNAMIC_NO_PIC = NO;
				GCC_NO_COMMON_BLOCKS = YES;
				GCC_OPTIMIZATION_LEVEL = 0;
				GCC_PREPROCESSOR_DEFINITIONS = (
					"DEBUG=1",
					"$(inherited)",
				);
				GCC_WARN_64_TO_32_BIT_CONVERSION = YES;
				GCC_WARN_ABOUT_RETURN_TYPE = YES_ERROR;
				GCC_WARN_UNDECLARED_SELECTOR = YES;
				GCC_WARN_UNINITIALIZED_AUTOS = YES_AGGRESSIVE;
				GCC_WARN_UNUSED_FUNCTION = YES;
				GCC_WARN_UNUSED_VARIABLE = YES;
				IPHONEOS_DEPLOYMENT_TARGET = 17.2;
				LOCALIZATION_PREFERS_STRING_CATALOGS = YES;
				MTL_ENABLE_DEBUG_INFO = INCLUDE_SOURCE;
				MTL_FAST_MATH = YES;
				ONLY_ACTIVE_ARCH = YES;
				SDKROOT = iphoneos;
				SWIFT_ACTIVE_COMPILATION_CONDITIONS = "DEBUG $(inherited)";
				SWIFT_OPTIMIZATION_LEVEL = "-Onone";
			};
			name = Debug;
		};
		95DE9B762C4DDFAB00FD1F29 /* Release */ = {
			isa = XCBuildConfiguration;
			buildSettings = {
				ALWAYS_SEARCH_USER_PATHS = NO;
				ASSETCATALOG_COMPILER_GENERATE_SWIFT_ASSET_SYMBOL_EXTENSIONS = YES;
				CLANG_ANALYZER_NONNULL = YES;
				CLANG_ANALYZER_NUMBER_OBJECT_CONVERSION = YES_AGGRESSIVE;
				CLANG_CXX_LANGUAGE_STANDARD = "gnu++20";
				CLANG_ENABLE_MODULES = YES;
				CLANG_ENABLE_OBJC_ARC = YES;
				CLANG_ENABLE_OBJC_WEAK = YES;
				CLANG_WARN_BLOCK_CAPTURE_AUTORELEASING = YES;
				CLANG_WARN_BOOL_CONVERSION = YES;
				CLANG_WARN_COMMA = YES;
				CLANG_WARN_CONSTANT_CONVERSION = YES;
				CLANG_WARN_DEPRECATED_OBJC_IMPLEMENTATIONS = YES;
				CLANG_WARN_DIRECT_OBJC_ISA_USAGE = YES_ERROR;
				CLANG_WARN_DOCUMENTATION_COMMENTS = YES;
				CLANG_WARN_EMPTY_BODY = YES;
				CLANG_WARN_ENUM_CONVERSION = YES;
				CLANG_WARN_INFINITE_RECURSION = YES;
				CLANG_WARN_INT_CONVERSION = YES;
				CLANG_WARN_NON_LITERAL_NULL_CONVERSION = YES;
				CLANG_WARN_OBJC_IMPLICIT_RETAIN_SELF = YES;
				CLANG_WARN_OBJC_LITERAL_CONVERSION = YES;
				CLANG_WARN_OBJC_ROOT_CLASS = YES_ERROR;
				CLANG_WARN_QUOTED_INCLUDE_IN_FRAMEWORK_HEADER = YES;
				CLANG_WARN_RANGE_LOOP_ANALYSIS = YES;
				CLANG_WARN_STRICT_PROTOTYPES = YES;
				CLANG_WARN_SUSPICIOUS_MOVE = YES;
				CLANG_WARN_UNGUARDED_AVAILABILITY = YES_AGGRESSIVE;
				CLANG_WARN_UNREACHABLE_CODE = YES;
				CLANG_WARN__DUPLICATE_METHOD_MATCH = YES;
				COPY_PHASE_STRIP = NO;
				DEBUG_INFORMATION_FORMAT = "dwarf-with-dsym";
				ENABLE_NS_ASSERTIONS = NO;
				ENABLE_STRICT_OBJC_MSGSEND = YES;
				ENABLE_USER_SCRIPT_SANDBOXING = YES;
				GCC_C_LANGUAGE_STANDARD = gnu17;
				GCC_NO_COMMON_BLOCKS = YES;
				GCC_WARN_64_TO_32_BIT_CONVERSION = YES;
				GCC_WARN_ABOUT_RETURN_TYPE = YES_ERROR;
				GCC_WARN_UNDECLARED_SELECTOR = YES;
				GCC_WARN_UNINITIALIZED_AUTOS = YES_AGGRESSIVE;
				GCC_WARN_UNUSED_FUNCTION = YES;
				GCC_WARN_UNUSED_VARIABLE = YES;
				IPHONEOS_DEPLOYMENT_TARGET = 17.2;
				LOCALIZATION_PREFERS_STRING_CATALOGS = YES;
				MTL_ENABLE_DEBUG_INFO = NO;
				MTL_FAST_MATH = YES;
				SDKROOT = iphoneos;
				SWIFT_COMPILATION_MODE = wholemodule;
				VALIDATE_PRODUCT = YES;
			};
			name = Release;
		};
		95DE9B782C4DDFAB00FD1F29 /* Debug */ = {
			isa = XCBuildConfiguration;
			buildSettings = {
				ASSETCATALOG_COMPILER_APPICON_NAME = AppIcon;
				ASSETCATALOG_COMPILER_GLOBAL_ACCENT_COLOR_NAME = AccentColor;
				CODE_SIGN_STYLE = Automatic;
				CURRENT_PROJECT_VERSION = 1;
				DEVELOPMENT_ASSET_PATHS = "\"UserProfileCustom/Preview Content\"";
				ENABLE_PREVIEWS = YES;
				GENERATE_INFOPLIST_FILE = YES;
				INFOPLIST_KEY_UIApplicationSceneManifest_Generation = YES;
				INFOPLIST_KEY_UIApplicationSupportsIndirectInputEvents = YES;
				INFOPLIST_KEY_UILaunchScreen_Generation = YES;
				INFOPLIST_KEY_UISupportedInterfaceOrientations_iPad = "UIInterfaceOrientationPortrait UIInterfaceOrientationPortraitUpsideDown UIInterfaceOrientationLandscapeLeft UIInterfaceOrientationLandscapeRight";
				INFOPLIST_KEY_UISupportedInterfaceOrientations_iPhone = "UIInterfaceOrientationPortrait UIInterfaceOrientationLandscapeLeft UIInterfaceOrientationLandscapeRight";
				LD_RUNPATH_SEARCH_PATHS = (
					"$(inherited)",
					"@executable_path/Frameworks",
				);
				MARKETING_VERSION = 1.0;
				PRODUCT_BUNDLE_IDENTIFIER = KLM.UserProfileCustom;
				PRODUCT_NAME = "$(TARGET_NAME)";
				SWIFT_EMIT_LOC_STRINGS = YES;
				SWIFT_VERSION = 5.0;
				TARGETED_DEVICE_FAMILY = "1,2";
			};
			name = Debug;
		};
		95DE9B792C4DDFAB00FD1F29 /* Release */ = {
			isa = XCBuildConfiguration;
			buildSettings = {
				ASSETCATALOG_COMPILER_APPICON_NAME = AppIcon;
				ASSETCATALOG_COMPILER_GLOBAL_ACCENT_COLOR_NAME = AccentColor;
				CODE_SIGN_STYLE = Automatic;
				CURRENT_PROJECT_VERSION = 1;
				DEVELOPMENT_ASSET_PATHS = "\"UserProfileCustom/Preview Content\"";
				ENABLE_PREVIEWS = YES;
				GENERATE_INFOPLIST_FILE = YES;
				INFOPLIST_KEY_UIApplicationSceneManifest_Generation = YES;
				INFOPLIST_KEY_UIApplicationSupportsIndirectInputEvents = YES;
				INFOPLIST_KEY_UILaunchScreen_Generation = YES;
				INFOPLIST_KEY_UISupportedInterfaceOrientations_iPad = "UIInterfaceOrientationPortrait UIInterfaceOrientationPortraitUpsideDown UIInterfaceOrientationLandscapeLeft UIInterfaceOrientationLandscapeRight";
				INFOPLIST_KEY_UISupportedInterfaceOrientations_iPhone = "UIInterfaceOrientationPortrait UIInterfaceOrientationLandscapeLeft UIInterfaceOrientationLandscapeRight";
				LD_RUNPATH_SEARCH_PATHS = (
					"$(inherited)",
					"@executable_path/Frameworks",
				);
				MARKETING_VERSION = 1.0;
				PRODUCT_BUNDLE_IDENTIFIER = KLM.UserProfileCustom;
				PRODUCT_NAME = "$(TARGET_NAME)";
				SWIFT_EMIT_LOC_STRINGS = YES;
				SWIFT_VERSION = 5.0;
				TARGETED_DEVICE_FAMILY = "1,2";
			};
			name = Release;
		};
		95DE9B7B2C4DDFAB00FD1F29 /* Debug */ = {
			isa = XCBuildConfiguration;
			buildSettings = {
				ALWAYS_EMBED_SWIFT_STANDARD_LIBRARIES = YES;
				BUNDLE_LOADER = "$(TEST_HOST)";
				CODE_SIGN_STYLE = Automatic;
				CURRENT_PROJECT_VERSION = 1;
				GENERATE_INFOPLIST_FILE = YES;
				IPHONEOS_DEPLOYMENT_TARGET = 17.2;
				MARKETING_VERSION = 1.0;
				PRODUCT_BUNDLE_IDENTIFIER = KLM.UserProfileCustomTests;
				PRODUCT_NAME = "$(TARGET_NAME)";
				SWIFT_EMIT_LOC_STRINGS = NO;
				SWIFT_VERSION = 5.0;
				TARGETED_DEVICE_FAMILY = "1,2";
				TEST_HOST = "$(BUILT_PRODUCTS_DIR)/UserProfileCustom.app/$(BUNDLE_EXECUTABLE_FOLDER_PATH)/UserProfileCustom";
			};
			name = Debug;
		};
		95DE9B7C2C4DDFAB00FD1F29 /* Release */ = {
			isa = XCBuildConfiguration;
			buildSettings = {
				ALWAYS_EMBED_SWIFT_STANDARD_LIBRARIES = YES;
				BUNDLE_LOADER = "$(TEST_HOST)";
				CODE_SIGN_STYLE = Automatic;
				CURRENT_PROJECT_VERSION = 1;
				GENERATE_INFOPLIST_FILE = YES;
				IPHONEOS_DEPLOYMENT_TARGET = 17.2;
				MARKETING_VERSION = 1.0;
				PRODUCT_BUNDLE_IDENTIFIER = KLM.UserProfileCustomTests;
				PRODUCT_NAME = "$(TARGET_NAME)";
				SWIFT_EMIT_LOC_STRINGS = NO;
				SWIFT_VERSION = 5.0;
				TARGETED_DEVICE_FAMILY = "1,2";
				TEST_HOST = "$(BUILT_PRODUCTS_DIR)/UserProfileCustom.app/$(BUNDLE_EXECUTABLE_FOLDER_PATH)/UserProfileCustom";
			};
			name = Release;
		};
		95DE9B7E2C4DDFAB00FD1F29 /* Debug */ = {
			isa = XCBuildConfiguration;
			buildSettings = {
				ALWAYS_EMBED_SWIFT_STANDARD_LIBRARIES = YES;
				CODE_SIGN_STYLE = Automatic;
				CURRENT_PROJECT_VERSION = 1;
				GENERATE_INFOPLIST_FILE = YES;
				MARKETING_VERSION = 1.0;
				PRODUCT_BUNDLE_IDENTIFIER = KLM.UserProfileCustomUITests;
				PRODUCT_NAME = "$(TARGET_NAME)";
				SWIFT_EMIT_LOC_STRINGS = NO;
				SWIFT_VERSION = 5.0;
				TARGETED_DEVICE_FAMILY = "1,2";
				TEST_TARGET_NAME = UserProfileCustom;
			};
			name = Debug;
		};
		95DE9B7F2C4DDFAB00FD1F29 /* Release */ = {
			isa = XCBuildConfiguration;
			buildSettings = {
				ALWAYS_EMBED_SWIFT_STANDARD_LIBRARIES = YES;
				CODE_SIGN_STYLE = Automatic;
				CURRENT_PROJECT_VERSION = 1;
				GENERATE_INFOPLIST_FILE = YES;
				MARKETING_VERSION = 1.0;
				PRODUCT_BUNDLE_IDENTIFIER = KLM.UserProfileCustomUITests;
				PRODUCT_NAME = "$(TARGET_NAME)";
				SWIFT_EMIT_LOC_STRINGS = NO;
				SWIFT_VERSION = 5.0;
				TARGETED_DEVICE_FAMILY = "1,2";
				TEST_TARGET_NAME = UserProfileCustom;
			};
			name = Release;
		};
/* End XCBuildConfiguration section */

/* Begin XCConfigurationList section */
		95DE9B4E2C4DDFA500FD1F29 /* Build configuration list for PBXProject "UserProfileCustom" */ = {
			isa = XCConfigurationList;
			buildConfigurations = (
				95DE9B752C4DDFAB00FD1F29 /* Debug */,
				95DE9B762C4DDFAB00FD1F29 /* Release */,
			);
			defaultConfigurationIsVisible = 0;
			defaultConfigurationName = Release;
		};
		95DE9B772C4DDFAB00FD1F29 /* Build configuration list for PBXNativeTarget "UserProfileCustom" */ = {
			isa = XCConfigurationList;
			buildConfigurations = (
				95DE9B782C4DDFAB00FD1F29 /* Debug */,
				95DE9B792C4DDFAB00FD1F29 /* Release */,
			);
			defaultConfigurationIsVisible = 0;
			defaultConfigurationName = Release;
		};
		95DE9B7A2C4DDFAB00FD1F29 /* Build configuration list for PBXNativeTarget "UserProfileCustomTests" */ = {
			isa = XCConfigurationList;
			buildConfigurations = (
				95DE9B7B2C4DDFAB00FD1F29 /* Debug */,
				95DE9B7C2C4DDFAB00FD1F29 /* Release */,
			);
			defaultConfigurationIsVisible = 0;
			defaultConfigurationName = Release;
		};
		95DE9B7D2C4DDFAB00FD1F29 /* Build configuration list for PBXNativeTarget "UserProfileCustomUITests" */ = {
			isa = XCConfigurationList;
			buildConfigurations = (
				95DE9B7E2C4DDFAB00FD1F29 /* Debug */,
				95DE9B7F2C4DDFAB00FD1F29 /* Release */,
			);
			defaultConfigurationIsVisible = 0;
			defaultConfigurationName = Release;
		};
/* End XCConfigurationList section */
	};
	rootObject = 95DE9B4B2C4DDFA500FD1F29 /* Project object */;
}
